
Microsoft Visual Studio Solution File, Format Version 12.00
# Visual Studio Version 16
VisualStudioVersion = 16.0.29123.89
MinimumVisualStudioVersion = 10.0.40219.1
Project("{FAE04EC0-301F-11D3-BF4B-00C04F79EFBC}") = "KataDojo", "KataTest\KataDojo.csproj", "{3ACBC7FE-81FA-4CBF-BE14-C08BB9F2FF5B}"
EndProject
Project("{9A19103F-16F7-4668-BE54-9A1E7A4F7556}") = "NUnitKataTest", "NUnitKataTest\NUnitKataTest.csproj", "{83AC2B6B-7E0D-4DD5-810A-705682E9BAAE}"
EndProject
Global
	GlobalSection(SolutionConfigurationPlatforms) = preSolution
		Debug|Any CPU = Debug|Any CPU
		Release|Any CPU = Release|Any CPU
	EndGlobalSection
	GlobalSection(ProjectConfigurationPlatforms) = postSolution
		{3ACBC7FE-81FA-4CBF-BE14-C08BB9F2FF5B}.Debug|Any CPU.ActiveCfg = Debug|Any CPU
		{3ACBC7FE-81FA-4CBF-BE14-C08BB9F2FF5B}.Debug|Any CPU.Build.0 = Debug|Any CPU
		{3ACBC7FE-81FA-4CBF-BE14-C08BB9F2FF5B}.Release|Any CPU.ActiveCfg = Release|Any CPU
		{3ACBC7FE-81FA-4CBF-BE14-C08BB9F2FF5B}.Release|Any CPU.Build.0 = Release|Any CPU
		{83AC2B6B-7E0D-4DD5-810A-705682E9BAAE}.Debug|Any CPU.ActiveCfg = Debug|Any CPU
		{83AC2B6B-7E0D-4DD5-810A-705682E9BAAE}.Debug|Any CPU.Build.0 = Debug|Any CPU
		{83AC2B6B-7E0D-4DD5-810A-705682E9BAAE}.Release|Any CPU.ActiveCfg = Release|Any CPU
		{83AC2B6B-7E0D-4DD5-810A-705682E9BAAE}.Release|Any CPU.Build.0 = Release|Any CPU
	EndGlobalSection
	GlobalSection(SolutionProperties) = preSolution
		HideSolutionNode = FALSE
	EndGlobalSection
	GlobalSection(ExtensibilityGlobals) = postSolution
		SolutionGuid = {266DDCB7-50CE-4775-B92A-9927A9AC610F}
	EndGlobalSection
EndGlobal
